
Microsoft Visual Studio Solution File, Format Version 12.00
# Visual Studio Version 16
VisualStudioVersion = 16.0.29509.3
MinimumVisualStudioVersion = 10.0.40219.1
Project("{FAE04EC0-301F-11D3-BF4B-00C04F79EFBC}") = "NumberGuessingGame", "NumberGuessingGame.csproj", "{928A7268-62C0-48C4-BA59-C75E1E9518E7}"
EndProject
Global
	GlobalSection(SolutionConfigurationPlatforms) = preSolution
		Debug|Any CPU = Debug|Any CPU
		Release|Any CPU = Release|Any CPU
	EndGlobalSection
	GlobalSection(ProjectConfigurationPlatforms) = postSolution
		{928A7268-62C0-48C4-BA59-C75E1E9518E7}.Debug|Any CPU.ActiveCfg = Debug|Any CPU
		{928A7268-62C0-48C4-BA59-C75E1E9518E7}.Debug|Any CPU.Build.0 = Debug|Any CPU
		{928A7268-62C0-48C4-BA59-C75E1E9518E7}.Release|Any CPU.ActiveCfg = Release|Any CPU
		{928A7268-62C0-48C4-BA59-C75E1E9518E7}.Release|Any CPU.Build.0 = Release|Any CPU
	EndGlobalSection
	GlobalSection(SolutionProperties) = preSolution
		HideSolutionNode = FALSE
	EndGlobalSection
	GlobalSection(ExtensibilityGlobals) = postSolution
		SolutionGuid = {0413083E-7CE1-472C-A90A-6AA03142D6EE}
	EndGlobalSection
EndGlobal
